
Microsoft Visual Studio Solution File, Format Version 12.00
# Visual Studio Version 17
VisualStudioVersion = 17.7.34202.233
MinimumVisualStudioVersion = 10.0.40219.1
Project("{FAE04EC0-301F-11D3-BF4B-00C04F79EFBC}") = "CloudDrop", "CloudDrop.csproj", "{AEFA57C8-E92C-4A9B-B14A-916AA6BC8786}"
EndProject
Global
	GlobalSection(SolutionConfigurationPlatforms) = preSolution
		Debug|Any CPU = Debug|Any CPU
		Release|Any CPU = Release|Any CPU
	EndGlobalSection
	GlobalSection(ProjectConfigurationPlatforms) = postSolution
		{AEFA57C8-E92C-4A9B-B14A-916AA6BC8786}.Debug|Any CPU.ActiveCfg = Debug|Any CPU
		{AEFA57C8-E92C-4A9B-B14A-916AA6BC8786}.Debug|Any CPU.Build.0 = Debug|Any CPU
		{AEFA57C8-E92C-4A9B-B14A-916AA6BC8786}.Release|Any CPU.ActiveCfg = Release|Any CPU
		{AEFA57C8-E92C-4A9B-B14A-916AA6BC8786}.Release|Any CPU.Build.0 = Release|Any CPU
	EndGlobalSection
	GlobalSection(SolutionProperties) = preSolution
		HideSolutionNode = FALSE
	EndGlobalSection
	GlobalSection(ExtensibilityGlobals) = postSolution
		SolutionGuid = {E78AD18C-F1D1-4A64-ABB3-190C9C3191F5}
	EndGlobalSection
EndGlobal
